
Microsoft Visual Studio Solution File, Format Version 12.00
# Visual Studio Version 17
VisualStudioVersion = 17.9.34728.123
MinimumVisualStudioVersion = 10.0.40219.1
Project("{888888A0-9F3D-457C-B088-3A5042F75D52}") = "module_4_2", "module_4_2.pyproj", "{DADF6C0E-45E3-4EEE-B2E7-770005DDBE23}"
EndProject
Global
	GlobalSection(SolutionConfigurationPlatforms) = preSolution
		Debug|Any CPU = Debug|Any CPU
		Release|Any CPU = Release|Any CPU
	EndGlobalSection
	GlobalSection(ProjectConfigurationPlatforms) = postSolution
		{DADF6C0E-45E3-4EEE-B2E7-770005DDBE23}.Debug|Any CPU.ActiveCfg = Debug|Any CPU
		{DADF6C0E-45E3-4EEE-B2E7-770005DDBE23}.Release|Any CPU.ActiveCfg = Release|Any CPU
	EndGlobalSection
	GlobalSection(SolutionProperties) = preSolution
		HideSolutionNode = FALSE
	EndGlobalSection
	GlobalSection(ExtensibilityGlobals) = postSolution
		SolutionGuid = {AB8C2043-A54A-48A9-8D83-336FCD8D0DA7}
	EndGlobalSection
EndGlobal
